#MicroXplorer Configuration settings - do not modify
Mcu.Family=STM32F1
RCC.PLLSourceVirtual=RCC_PLLSOURCE_HSE
ProjectManager.MainLocation=Core/Src
RCC.MCOFreq_Value=72000000
USB_DEVICE.CLASS_NAME_FS=CDC
ProjectManager.ProjectFileName=light_sensor.ioc
USART2.IPParameters=VirtualMode
RCC.CortexFreq_Value=84000000
PD1-OSC_OUT.Mode=HSE-External-Oscillator
NVIC.I2C1_EV_IRQn=true\:0\:0\:false\:false\:true\:true\:true
ProjectManager.KeepUserCode=true
Mcu.UserName=STM32F103C8Tx
Mcu.PinsNb=16
ProjectManager.NoMain=false
USB_DEVICE.VirtualModeFS=Cdc_FS
RCC.PLLCLKFreq_Value=72000000
PA9.GPIO_Label=LED1
USB_DEVICE.PID_CDC_FS=0x6969
PB6.GPIO_PuPd=GPIO_PULLUP
RCC.PLLQCLKFreq_Value=48000000
ProjectManager.functionlistsort=1-MX_GPIO_Init-GPIO-false-HAL-true,2-SystemClock_Config-RCC-false-HAL-false,3-MX_USB_DEVICE_Init-USB_DEVICE-false-HAL-false,4-MX_I2C1_Init-I2C1-false-HAL-true,5-MX_USART2_UART_Init-USART2-false-HAL-true
PA9.GPIOParameters=PinState,GPIO_Label,GPIO_ModeDefaultOutputPP
RCC.USBPrescaler=RCC_USBCLKSOURCE_PLL_DIV1_5
PA11.Mode=Device
RCC.RTCFreq_Value=32000
RCC.ADCFreqValue=36000000
ProjectManager.DefaultFWLocation=true
PB6.GPIO_Label=SCL
PD0-OSC_IN.Signal=RCC_OSC_IN
ProjectManager.DeletePrevious=true
RCC.APB1CLKDivider=RCC_HCLK_DIV2
USB_DEVICE.IPParameters=VirtualMode,VirtualModeFS,CLASS_NAME_FS,MANUFACTURER_STRING,PID_CDC_FS,PRODUCT_STRING_CDC_FS,VID
PinOutPanel.RotationAngle=0
RCC.FamilyName=M
RCC.SYSCLKSource=RCC_SYSCLKSOURCE_PLLCLK
ProjectManager.StackSize=0x400
PB5.GPIOParameters=GPIO_PuPd,GPIO_Label
PD1-OSC_OUT.Signal=RCC_OSC_OUT
RCC.WatchDogFreq_Value=32000
PA13.Signal=SYS_JTMS-SWDIO
PA3.Mode=Asynchronous
Mcu.IP4=USART2
RCC.FCLKCortexFreq_Value=72000000
Mcu.IP5=USB
USB_DEVICE.MANUFACTURER_STRING=Bonny
NVIC.SVCall_IRQn=true\:0\:0\:false\:false\:true\:false\:false
Mcu.IP2=RCC
Mcu.IP3=SYS
Mcu.IP0=I2C1
Mcu.IP1=NVIC
PA12.Signal=USB_DP
Mcu.UserConstants=
USB_DEVICE.VID=0xfeed
ProjectManager.TargetToolchain=Makefile
USB_DEVICE.PRODUCT_STRING_CDC_FS=Ambient Light Sensor
Mcu.ThirdPartyNb=0
PB7.GPIOParameters=GPIO_Label
RCC.HCLKFreq_Value=72000000
VP_USB_DEVICE_VS_USB_DEVICE_CDC_FS.Mode=CDC_FS
Mcu.IPNb=7
RCC.I2SClocksFreq_Value=96000000
ProjectManager.PreviousToolchain=
PB9.Mode=I2C
RCC.APB2TimFreq_Value=72000000
PA9.Signal=GPIO_Output
PB6.Signal=GPIO_Output
RCC.VcooutputI2S=96000000
PB5.Locked=true
PB9.Locked=true
PA9.PinState=GPIO_PIN_SET
Mcu.Pin6=PA12
Mcu.Pin7=PA13
ProjectManager.RegisterCallBack=
Mcu.Pin8=PA14
RCC.USBFreq_Value=48000000
Mcu.Pin9=PB5
RCC.AHBFreq_Value=72000000
Mcu.Pin0=PD0-OSC_IN
Mcu.Pin1=PD1-OSC_OUT
GPIO.groupedBy=Group By Peripherals
PD0-OSC_IN.Mode=HSE-External-Oscillator
Mcu.Pin2=PA2
Mcu.Pin3=PA3
Mcu.Pin4=PA9
RCC.VCOI2SOutputFreq_Value=192000000
Mcu.Pin5=PA11
ProjectManager.ProjectBuild=false
NVIC.UsageFault_IRQn=true\:0\:0\:false\:false\:true\:false\:false
NVIC.DebugMonitor_IRQn=true\:0\:0\:false\:false\:true\:false\:false
board=custom
RCC.VCOOutputFreq_Value=336000000
NVIC.SysTick_IRQn=true\:0\:0\:false\:false\:true\:false\:true
ProjectManager.LastFirmware=true
RCC.PLLMUL=RCC_PLL_MUL9
RCC.VCOOutput2Freq_Value=8000000
ProjectManager.FirmwarePackage=STM32Cube FW_F1 V1.8.3
MxDb.Version=DB.6.0.20
RCC.APB2Freq_Value=72000000
ProjectManager.BackupPrevious=false
MxCube.Version=6.2.0
RCC.VCOInputFreq_Value=1000000
PA14.Mode=Serial_Wire
NVIC.USB_LP_CAN1_RX0_IRQn=true\:0\:0\:false\:false\:true\:false\:true
File.Version=6
VP_SYS_VS_Systick.Mode=SysTick
PA9.Locked=true
PB7.Signal=GPIO_Output
PB8.Locked=true
NVIC.NonMaskableInt_IRQn=true\:0\:0\:false\:false\:true\:false\:false
PB6.Locked=true
NVIC.PendSV_IRQn=true\:0\:0\:false\:false\:true\:false\:false
PA13.Mode=Serial_Wire
ProjectManager.FreePins=false
NVIC.I2C1_ER_IRQn=true\:0\:0\:false\:false\:true\:true\:true
RCC.FLITFCLKFreq_Value=16000000
RCC.IPParameters=48MHZClocksFreq_Value,ADCFreqValue,AHBFreq_Value,APB1CLKDivider,APB1Freq_Value,APB1TimFreq_Value,APB2Freq_Value,APB2TimFreq_Value,CortexFreq_Value,FCLKCortexFreq_Value,FLITFCLKFreq_Value,FamilyName,HCLKFreq_Value,HSI_VALUE,I2SClocksFreq_Value,LSI_VALUE,MCOFreq_Value,PLLCLKFreq_Value,PLLM,PLLMCOFreq_Value,PLLMUL,PLLN,PLLP,PLLQ,PLLQCLKFreq_Value,PLLSourceVirtual,RTCFreq_Value,RTCHSEDivFreq_Value,SYSCLKFreq_VALUE,SYSCLKSource,TimSysFreq_Value,USBFreq_Value,USBPrescaler,VCOI2SOutputFreq_Value,VCOInputFreq_Value,VCOOutput2Freq_Value,VCOOutputFreq_Value,VcooutputI2S,WatchDogFreq_Value
ProjectManager.AskForMigrate=true
Mcu.Name=STM32F103C(8-B)Tx
PB6.GPIOParameters=GPIO_Speed,PinState,GPIO_PuPd,GPIO_Label,GPIO_ModeDefaultOutputPP
ProjectManager.HalAssertFull=false
RCC.RTCHSEDivFreq_Value=12500000
PA2.Signal=USART2_TX
ProjectManager.ProjectName=light_sensor
ProjectManager.UnderRoot=false
Mcu.IP6=USB_DEVICE
RCC.PLLMCOFreq_Value=36000000
ProjectManager.CoupleFile=true
PA9.GPIO_ModeDefaultOutputPP=GPIO_MODE_OUTPUT_OD
PB7.GPIO_Label=SDA
RCC.48MHZClocksFreq_Value=48000000
RCC.SYSCLKFreq_VALUE=72000000
Mcu.Package=LQFP48
PB5.Signal=GPIO_Input
PB9.Signal=I2C1_SDA
RCC.TimSysFreq_Value=72000000
PA12.Mode=Device
NVIC.ForceEnableDMAVector=true
KeepUserPlacement=false
USART2.VirtualMode=VM_ASYNC
PB5.GPIO_PuPd=GPIO_PULLUP
NVIC.MemoryManagement_IRQn=true\:0\:0\:false\:false\:true\:false\:false
ProjectManager.CompilerOptimize=6
PB6.PinState=GPIO_PIN_RESET
ProjectManager.ToolChainLocation=
PB6.GPIO_ModeDefaultOutputPP=GPIO_MODE_OUTPUT_PP
RCC.LSI_VALUE=32000
VP_SYS_VS_Systick.Signal=SYS_VS_Systick
PA11.Signal=USB_DM
PA14.Signal=SYS_JTCK-SWCLK
ProjectManager.HeapSize=0x200
Mcu.Pin15=VP_USB_DEVICE_VS_USB_DEVICE_CDC_FS
NVIC.HardFault_IRQn=true\:0\:0\:false\:false\:true\:false\:false
VP_USB_DEVICE_VS_USB_DEVICE_CDC_FS.Signal=USB_DEVICE_VS_USB_DEVICE_CDC_FS
Mcu.Pin13=PB9
Mcu.Pin14=VP_SYS_VS_Systick
ProjectManager.ComputerToolchain=false
RCC.HSI_VALUE=16000000
RCC.PLLP=RCC_PLLP_DIV4
RCC.PLLQ=7
NVIC.PriorityGroup=NVIC_PRIORITYGROUP_4
Mcu.Pin11=PB7
PB5.GPIO_Label=TSL_INT
Mcu.Pin12=PB8
RCC.PLLM=25
PB8.Mode=I2C
RCC.PLLN=336
Mcu.Pin10=PB6
PB7.Locked=true
RCC.APB1TimFreq_Value=72000000
PA2.Mode=Asynchronous
PB8.Signal=I2C1_SCL
NVIC.BusFault_IRQn=true\:0\:0\:false\:false\:true\:false\:false
PB6.GPIO_Speed=GPIO_SPEED_FREQ_HIGH
RCC.APB1Freq_Value=36000000
USB_DEVICE.VirtualMode=Cdc
ProjectManager.CustomerFirmwarePackage=
ProjectManager.DeviceId=STM32F103C8Tx
ProjectManager.LibraryCopy=0
PA3.Signal=USART2_RX
